
Microsoft Visual Studio Solution File, Format Version 12.00
# Visual Studio Version 17
VisualStudioVersion = 17.12.35527.113 d17.12
MinimumVisualStudioVersion = 10.0.40219.1
Project("{FAE04EC0-301F-11D3-BF4B-00C04F79EFBC}") = "CalculatriceConsole.NET", "CalculatriceConsole.NET\CalculatriceConsole.NET.csproj", "{EBBC2311-C862-4B8E-9999-60DFB500DB5A}"
EndProject
Global
	GlobalSection(SolutionConfigurationPlatforms) = preSolution
		Debug|Any CPU = Debug|Any CPU
		Release|Any CPU = Release|Any CPU
	EndGlobalSection
	GlobalSection(ProjectConfigurationPlatforms) = postSolution
		{EBBC2311-C862-4B8E-9999-60DFB500DB5A}.Debug|Any CPU.ActiveCfg = Debug|Any CPU
		{EBBC2311-C862-4B8E-9999-60DFB500DB5A}.Debug|Any CPU.Build.0 = Debug|Any CPU
		{EBBC2311-C862-4B8E-9999-60DFB500DB5A}.Release|Any CPU.ActiveCfg = Release|Any CPU
		{EBBC2311-C862-4B8E-9999-60DFB500DB5A}.Release|Any CPU.Build.0 = Release|Any CPU
	EndGlobalSection
	GlobalSection(SolutionProperties) = preSolution
		HideSolutionNode = FALSE
	EndGlobalSection
EndGlobal
